
Microsoft Visual Studio Solution File, Format Version 12.00
# Visual Studio Version 17
VisualStudioVersion = 17.4.33213.308
MinimumVisualStudioVersion = 10.0.40219.1
Project("{FAE04EC0-301F-11D3-BF4B-00C04F79EFBC}") = "ArbolBinario2", "ArbolBinario2\ArbolBinario2.csproj", "{C84ADD51-62BA-4768-9B12-A18A0DBD81D8}"
EndProject
Global
	GlobalSection(SolutionConfigurationPlatforms) = preSolution
		Debug|Any CPU = Debug|Any CPU
		Release|Any CPU = Release|Any CPU
	EndGlobalSection
	GlobalSection(ProjectConfigurationPlatforms) = postSolution
		{C84ADD51-62BA-4768-9B12-A18A0DBD81D8}.Debug|Any CPU.ActiveCfg = Debug|Any CPU
		{C84ADD51-62BA-4768-9B12-A18A0DBD81D8}.Debug|Any CPU.Build.0 = Debug|Any CPU
		{C84ADD51-62BA-4768-9B12-A18A0DBD81D8}.Release|Any CPU.ActiveCfg = Release|Any CPU
		{C84ADD51-62BA-4768-9B12-A18A0DBD81D8}.Release|Any CPU.Build.0 = Release|Any CPU
	EndGlobalSection
	GlobalSection(SolutionProperties) = preSolution
		HideSolutionNode = FALSE
	EndGlobalSection
	GlobalSection(ExtensibilityGlobals) = postSolution
		SolutionGuid = {D88F3A46-CC90-4F0D-AFC6-8FF1AF5D7044}
	EndGlobalSection
EndGlobal
